
Microsoft Visual Studio Solution File, Format Version 12.00
# Visual Studio Version 17
VisualStudioVersion = 17.10.34928.147
MinimumVisualStudioVersion = 10.0.40219.1
Project("{9A19103F-16F7-4668-BE54-9A1E7A4F7556}") = "MasterOfCoin.API", "Service.MasterOfCoin\MasterOfCoin.API\MasterOfCoin.API.csproj", "{D255D340-0736-4EB9-9B11-39B11A801EAE}"
EndProject
Project("{2150E333-8FDC-42A3-9474-1A3956D46DE8}") = "LibComponents", "LibComponents", "{2A7C2854-7E8B-44A9-85E5-A73ECF60A716}"
EndProject
Project("{9A19103F-16F7-4668-BE54-9A1E7A4F7556}") = "Lib.Service", "LibComponents\Lib.Service\Lib.Service.csproj", "{2EC31A4E-E0B3-4AF4-9901-CF442591B617}"
EndProject
Project("{9A19103F-16F7-4668-BE54-9A1E7A4F7556}") = "Lib.Db", "LibComponents\Lib.Db\Lib.Db.csproj", "{02EE83CE-B878-494E-BD70-015BBD67036B}"
EndProject
Project("{9A19103F-16F7-4668-BE54-9A1E7A4F7556}") = "Lib.Scheduler", "LibComponents\Lib.Scheduler\Lib.Scheduler.csproj", "{03027B52-F38B-47C7-9899-0338911150F2}"
EndProject
Project("{FAE04EC0-301F-11D3-BF4B-00C04F79EFBC}") = "Lib.EventTracing", "LibComponents\Lib.EventTracing\Lib.EventTracing.csproj", "{21537F95-96B1-4C0C-AC6F-38E4499F6BD7}"
EndProject
Project("{FAE04EC0-301F-11D3-BF4B-00C04F79EFBC}") = "docker-compose", "docker-compose\docker-compose.dcproj", "{3C2FBC9A-F27C-4F30-8F14-43D0D04C8E3A}"
EndProject
Project("{FAE04EC0-301F-11D3-BF4B-00C04F79EFBC}") = "Lib.Logger", "LibComponents\Lib.Logger\Lib.Logger.csproj", "{41031805-0380-46C7-AB10-FAACC877FE0C}"
EndProject
Project("{FAE04EC0-301F-11D3-BF4B-00C04F79EFBC}") = "Lib.Cache", "LibComponents\Lib.Cache\Lib.Cache.csproj", "{AB9B0854-2E10-4707-9F8F-F5DF4B0D0656}"
EndProject
Project("{FAE04EC0-301F-11D3-BF4B-00C04F79EFBC}") = "Lib.CrossService", "LibComponents\Lib.CrossService\Lib.CrossService.csproj", "{3DD0CE4A-9D9A-4CAB-A31D-18389D4441D3}"
EndProject
Project("{FAE04EC0-301F-11D3-BF4B-00C04F79EFBC}") = "Transactions.API", "Service.Transactions\Transactions.API\Transactions.API.csproj", "{B5891CBB-1164-4080-9D68-F8AE4A179E0C}"
EndProject
Project("{FAE04EC0-301F-11D3-BF4B-00C04F79EFBC}") = "Transactions.Contracts", "Service.Transactions\Transactions.Contracts\Transactions.Contracts.csproj", "{DFE114D2-03D5-4620-9727-8C46CF5881E1}"
EndProject
Project("{FAE04EC0-301F-11D3-BF4B-00C04F79EFBC}") = "Lib.MessageBroker", "LibComponents\Lib.MessageBroker\Lib.MessageBroker.csproj", "{BD69CB1F-58E3-40B1-83F6-9A2C2278693A}"
EndProject
Project("{2150E333-8FDC-42A3-9474-1A3956D46DE8}") = "Services", "Services", "{73771C2A-506C-4B8C-BC76-4256C94B9028}"
EndProject
Project("{2150E333-8FDC-42A3-9474-1A3956D46DE8}") = "MasterOfCoin", "MasterOfCoin", "{0CD48481-469D-4AB5-B8BE-8AB3C63E359A}"
EndProject
Project("{2150E333-8FDC-42A3-9474-1A3956D46DE8}") = "Transactions", "Transactions", "{A881502A-FEBF-4786-9A24-50C6AAB94B79}"
EndProject
Project("{2150E333-8FDC-42A3-9474-1A3956D46DE8}") = "Wallets", "Wallets", "{266A1970-1D6A-44BF-890A-CC3B45733EA1}"
EndProject
Project("{FAE04EC0-301F-11D3-BF4B-00C04F79EFBC}") = "Wallets.API", "Service.Wallets\Wallets.API\Wallets.API.csproj", "{220F9F0C-85D9-4E28-A6BD-5329B93C5C71}"
EndProject
Project("{FAE04EC0-301F-11D3-BF4B-00C04F79EFBC}") = "Wallets.Contracts", "Service.Wallets\Wallets.Contracts\Wallets.Contracts.csproj", "{B1EC355D-A2CC-49AA-A29F-2D968F74ECD6}"
EndProject
Global
	GlobalSection(SolutionConfigurationPlatforms) = preSolution
		Debug|Any CPU = Debug|Any CPU
		Release|Any CPU = Release|Any CPU
	EndGlobalSection
	GlobalSection(ProjectConfigurationPlatforms) = postSolution
		{D255D340-0736-4EB9-9B11-39B11A801EAE}.Debug|Any CPU.ActiveCfg = Debug|Any CPU
		{D255D340-0736-4EB9-9B11-39B11A801EAE}.Debug|Any CPU.Build.0 = Debug|Any CPU
		{D255D340-0736-4EB9-9B11-39B11A801EAE}.Release|Any CPU.ActiveCfg = Release|Any CPU
		{D255D340-0736-4EB9-9B11-39B11A801EAE}.Release|Any CPU.Build.0 = Release|Any CPU
		{2EC31A4E-E0B3-4AF4-9901-CF442591B617}.Debug|Any CPU.ActiveCfg = Debug|Any CPU
		{2EC31A4E-E0B3-4AF4-9901-CF442591B617}.Debug|Any CPU.Build.0 = Debug|Any CPU
		{2EC31A4E-E0B3-4AF4-9901-CF442591B617}.Release|Any CPU.ActiveCfg = Release|Any CPU
		{2EC31A4E-E0B3-4AF4-9901-CF442591B617}.Release|Any CPU.Build.0 = Release|Any CPU
		{02EE83CE-B878-494E-BD70-015BBD67036B}.Debug|Any CPU.ActiveCfg = Debug|Any CPU
		{02EE83CE-B878-494E-BD70-015BBD67036B}.Debug|Any CPU.Build.0 = Debug|Any CPU
		{02EE83CE-B878-494E-BD70-015BBD67036B}.Release|Any CPU.ActiveCfg = Release|Any CPU
		{02EE83CE-B878-494E-BD70-015BBD67036B}.Release|Any CPU.Build.0 = Release|Any CPU
		{03027B52-F38B-47C7-9899-0338911150F2}.Debug|Any CPU.ActiveCfg = Debug|Any CPU
		{03027B52-F38B-47C7-9899-0338911150F2}.Debug|Any CPU.Build.0 = Debug|Any CPU
		{03027B52-F38B-47C7-9899-0338911150F2}.Release|Any CPU.ActiveCfg = Release|Any CPU
		{03027B52-F38B-47C7-9899-0338911150F2}.Release|Any CPU.Build.0 = Release|Any CPU
		{21537F95-96B1-4C0C-AC6F-38E4499F6BD7}.Debug|Any CPU.ActiveCfg = Debug|Any CPU
		{21537F95-96B1-4C0C-AC6F-38E4499F6BD7}.Debug|Any CPU.Build.0 = Debug|Any CPU
		{21537F95-96B1-4C0C-AC6F-38E4499F6BD7}.Release|Any CPU.ActiveCfg = Release|Any CPU
		{21537F95-96B1-4C0C-AC6F-38E4499F6BD7}.Release|Any CPU.Build.0 = Release|Any CPU
		{3C2FBC9A-F27C-4F30-8F14-43D0D04C8E3A}.Debug|Any CPU.ActiveCfg = Debug|Any CPU
		{3C2FBC9A-F27C-4F30-8F14-43D0D04C8E3A}.Debug|Any CPU.Build.0 = Debug|Any CPU
		{3C2FBC9A-F27C-4F30-8F14-43D0D04C8E3A}.Release|Any CPU.ActiveCfg = Debug|Any CPU
		{3C2FBC9A-F27C-4F30-8F14-43D0D04C8E3A}.Release|Any CPU.Build.0 = Debug|Any CPU
		{41031805-0380-46C7-AB10-FAACC877FE0C}.Debug|Any CPU.ActiveCfg = Debug|Any CPU
		{41031805-0380-46C7-AB10-FAACC877FE0C}.Debug|Any CPU.Build.0 = Debug|Any CPU
		{41031805-0380-46C7-AB10-FAACC877FE0C}.Release|Any CPU.ActiveCfg = Release|Any CPU
		{41031805-0380-46C7-AB10-FAACC877FE0C}.Release|Any CPU.Build.0 = Release|Any CPU
		{AB9B0854-2E10-4707-9F8F-F5DF4B0D0656}.Debug|Any CPU.ActiveCfg = Debug|Any CPU
		{AB9B0854-2E10-4707-9F8F-F5DF4B0D0656}.Debug|Any CPU.Build.0 = Debug|Any CPU
		{AB9B0854-2E10-4707-9F8F-F5DF4B0D0656}.Release|Any CPU.ActiveCfg = Release|Any CPU
		{AB9B0854-2E10-4707-9F8F-F5DF4B0D0656}.Release|Any CPU.Build.0 = Release|Any CPU
		{3DD0CE4A-9D9A-4CAB-A31D-18389D4441D3}.Debug|Any CPU.ActiveCfg = Debug|Any CPU
		{3DD0CE4A-9D9A-4CAB-A31D-18389D4441D3}.Debug|Any CPU.Build.0 = Debug|Any CPU
		{3DD0CE4A-9D9A-4CAB-A31D-18389D4441D3}.Release|Any CPU.ActiveCfg = Release|Any CPU
		{3DD0CE4A-9D9A-4CAB-A31D-18389D4441D3}.Release|Any CPU.Build.0 = Release|Any CPU
		{B5891CBB-1164-4080-9D68-F8AE4A179E0C}.Debug|Any CPU.ActiveCfg = Debug|Any CPU
		{B5891CBB-1164-4080-9D68-F8AE4A179E0C}.Debug|Any CPU.Build.0 = Debug|Any CPU
		{B5891CBB-1164-4080-9D68-F8AE4A179E0C}.Release|Any CPU.ActiveCfg = Release|Any CPU
		{B5891CBB-1164-4080-9D68-F8AE4A179E0C}.Release|Any CPU.Build.0 = Release|Any CPU
		{DFE114D2-03D5-4620-9727-8C46CF5881E1}.Debug|Any CPU.ActiveCfg = Debug|Any CPU
		{DFE114D2-03D5-4620-9727-8C46CF5881E1}.Debug|Any CPU.Build.0 = Debug|Any CPU
		{DFE114D2-03D5-4620-9727-8C46CF5881E1}.Release|Any CPU.ActiveCfg = Release|Any CPU
		{DFE114D2-03D5-4620-9727-8C46CF5881E1}.Release|Any CPU.Build.0 = Release|Any CPU
		{BD69CB1F-58E3-40B1-83F6-9A2C2278693A}.Debug|Any CPU.ActiveCfg = Debug|Any CPU
		{BD69CB1F-58E3-40B1-83F6-9A2C2278693A}.Debug|Any CPU.Build.0 = Debug|Any CPU
		{BD69CB1F-58E3-40B1-83F6-9A2C2278693A}.Release|Any CPU.ActiveCfg = Release|Any CPU
		{BD69CB1F-58E3-40B1-83F6-9A2C2278693A}.Release|Any CPU.Build.0 = Release|Any CPU
		{220F9F0C-85D9-4E28-A6BD-5329B93C5C71}.Debug|Any CPU.ActiveCfg = Debug|Any CPU
		{220F9F0C-85D9-4E28-A6BD-5329B93C5C71}.Debug|Any CPU.Build.0 = Debug|Any CPU
		{220F9F0C-85D9-4E28-A6BD-5329B93C5C71}.Release|Any CPU.ActiveCfg = Release|Any CPU
		{220F9F0C-85D9-4E28-A6BD-5329B93C5C71}.Release|Any CPU.Build.0 = Release|Any CPU
		{B1EC355D-A2CC-49AA-A29F-2D968F74ECD6}.Debug|Any CPU.ActiveCfg = Debug|Any CPU
		{B1EC355D-A2CC-49AA-A29F-2D968F74ECD6}.Debug|Any CPU.Build.0 = Debug|Any CPU
		{B1EC355D-A2CC-49AA-A29F-2D968F74ECD6}.Release|Any CPU.ActiveCfg = Release|Any CPU
		{B1EC355D-A2CC-49AA-A29F-2D968F74ECD6}.Release|Any CPU.Build.0 = Release|Any CPU
	EndGlobalSection
	GlobalSection(SolutionProperties) = preSolution
		HideSolutionNode = FALSE
	EndGlobalSection
	GlobalSection(NestedProjects) = preSolution
		{2EC31A4E-E0B3-4AF4-9901-CF442591B617} = {2A7C2854-7E8B-44A9-85E5-A73ECF60A716}
		{02EE83CE-B878-494E-BD70-015BBD67036B} = {2A7C2854-7E8B-44A9-85E5-A73ECF60A716}
		{03027B52-F38B-47C7-9899-0338911150F2} = {2A7C2854-7E8B-44A9-85E5-A73ECF60A716}
		{21537F95-96B1-4C0C-AC6F-38E4499F6BD7} = {2A7C2854-7E8B-44A9-85E5-A73ECF60A716}
		{41031805-0380-46C7-AB10-FAACC877FE0C} = {2A7C2854-7E8B-44A9-85E5-A73ECF60A716}
		{AB9B0854-2E10-4707-9F8F-F5DF4B0D0656} = {2A7C2854-7E8B-44A9-85E5-A73ECF60A716}
		{3DD0CE4A-9D9A-4CAB-A31D-18389D4441D3} = {2A7C2854-7E8B-44A9-85E5-A73ECF60A716}
		{BD69CB1F-58E3-40B1-83F6-9A2C2278693A} = {2A7C2854-7E8B-44A9-85E5-A73ECF60A716}
		{0CD48481-469D-4AB5-B8BE-8AB3C63E359A} = {73771C2A-506C-4B8C-BC76-4256C94B9028}
		{A881502A-FEBF-4786-9A24-50C6AAB94B79} = {73771C2A-506C-4B8C-BC76-4256C94B9028}
		{B5891CBB-1164-4080-9D68-F8AE4A179E0C} = {A881502A-FEBF-4786-9A24-50C6AAB94B79}
		{DFE114D2-03D5-4620-9727-8C46CF5881E1} = {A881502A-FEBF-4786-9A24-50C6AAB94B79}
		{D255D340-0736-4EB9-9B11-39B11A801EAE} = {0CD48481-469D-4AB5-B8BE-8AB3C63E359A}
		{266A1970-1D6A-44BF-890A-CC3B45733EA1} = {73771C2A-506C-4B8C-BC76-4256C94B9028}
		{220F9F0C-85D9-4E28-A6BD-5329B93C5C71} = {266A1970-1D6A-44BF-890A-CC3B45733EA1}
		{B1EC355D-A2CC-49AA-A29F-2D968F74ECD6} = {266A1970-1D6A-44BF-890A-CC3B45733EA1}
	EndGlobalSection
EndGlobal
